
Microsoft Visual Studio Solution File, Format Version 12.00
# Visual Studio Version 16
VisualStudioVersion = 16.0.28803.452
MinimumVisualStudioVersion = 10.0.40219.1
Project("{8BC9CEB8-8B4A-11D0-8D11-00A0C91BC942}") = "c 7-2", "c 7-2\c 7-2.vcxproj", "{E6326251-0894-424F-A16F-5A2A07ACAA1A}"
EndProject
Global
	GlobalSection(SolutionConfigurationPlatforms) = preSolution
		Debug|x64 = Debug|x64
		Debug|x86 = Debug|x86
		Release|x64 = Release|x64
		Release|x86 = Release|x86
	EndGlobalSection
	GlobalSection(ProjectConfigurationPlatforms) = postSolution
		{E6326251-0894-424F-A16F-5A2A07ACAA1A}.Debug|x64.ActiveCfg = Debug|x64
		{E6326251-0894-424F-A16F-5A2A07ACAA1A}.Debug|x64.Build.0 = Debug|x64
		{E6326251-0894-424F-A16F-5A2A07ACAA1A}.Debug|x86.ActiveCfg = Debug|Win32
		{E6326251-0894-424F-A16F-5A2A07ACAA1A}.Debug|x86.Build.0 = Debug|Win32
		{E6326251-0894-424F-A16F-5A2A07ACAA1A}.Release|x64.ActiveCfg = Release|x64
		{E6326251-0894-424F-A16F-5A2A07ACAA1A}.Release|x64.Build.0 = Release|x64
		{E6326251-0894-424F-A16F-5A2A07ACAA1A}.Release|x86.ActiveCfg = Release|Win32
		{E6326251-0894-424F-A16F-5A2A07ACAA1A}.Release|x86.Build.0 = Release|Win32
	EndGlobalSection
	GlobalSection(SolutionProperties) = preSolution
		HideSolutionNode = FALSE
	EndGlobalSection
	GlobalSection(ExtensibilityGlobals) = postSolution
		SolutionGuid = {25DDF0B7-7E7D-410A-A8E5-9A5E32883805}
	EndGlobalSection
EndGlobal
